// !$*UTF8*$!
{
	archiveVersion = 1;
	classes = {
	};
	objectVersion = 55;
	objects = {

/* Begin PBXBuildFile section */
		135E22F128096DCB00F5C144 /* FlowerEmitterLayer.swift in Sources */ = {isa = PBXBuildFile; fileRef = 135E22F028096DCB00F5C144 /* FlowerEmitterLayer.swift */; };
		135E22F3280975FB00F5C144 /* FlowerFallView.swift in Sources */ = {isa = PBXBuildFile; fileRef = 135E22F2280975FB00F5C144 /* FlowerFallView.swift */; };
		135E22F528097B8300F5C144 /* FallingFlower.swift in Sources */ = {isa = PBXBuildFile; fileRef = 135E22F428097B8300F5C144 /* FallingFlower.swift */; };
		135E23012809880E00F5C144 /* flame_6.png in Resources */ = {isa = PBXBuildFile; fileRef = 135E22F82809880E00F5C144 /* flame_6.png */; };
		135E23022809880E00F5C144 /* flame_2.png in Resources */ = {isa = PBXBuildFile; fileRef = 135E22F92809880E00F5C144 /* flame_2.png */; };
		135E23032809880E00F5C144 /* flame_5.png in Resources */ = {isa = PBXBuildFile; fileRef = 135E22FA2809880E00F5C144 /* flame_5.png */; };
		135E23042809880E00F5C144 /* flame_1.png in Resources */ = {isa = PBXBuildFile; fileRef = 135E22FB2809880E00F5C144 /* flame_1.png */; };
		135E23052809880E00F5C144 /* flame_8.png in Resources */ = {isa = PBXBuildFile; fileRef = 135E22FC2809880E00F5C144 /* flame_8.png */; };
		135E23062809880E00F5C144 /* flame_3.png in Resources */ = {isa = PBXBuildFile; fileRef = 135E22FD2809880E00F5C144 /* flame_3.png */; };
		135E23072809880E00F5C144 /* flame_9.png in Resources */ = {isa = PBXBuildFile; fileRef = 135E22FE2809880E00F5C144 /* flame_9.png */; };
		135E23082809880E00F5C144 /* flame_4.png in Resources */ = {isa = PBXBuildFile; fileRef = 135E22FF2809880E00F5C144 /* flame_4.png */; };
		135E23092809880E00F5C144 /* flame_7.png in Resources */ = {isa = PBXBuildFile; fileRef = 135E23002809880E00F5C144 /* flame_7.png */; };
		135E230B2809884000F5C144 /* AnimatedFlame.swift in Sources */ = {isa = PBXBuildFile; fileRef = 135E230A2809884000F5C144 /* AnimatedFlame.swift */; };
		135E230D28098AB700F5C144 /* AnimatedFlameViewModel.swift in Sources */ = {isa = PBXBuildFile; fileRef = 135E230C28098AB700F5C144 /* AnimatedFlameViewModel.swift */; };
		135E230F28098C1100F5C144 /* AnimatedFlameBuilder.swift in Sources */ = {isa = PBXBuildFile; fileRef = 135E230E28098C1100F5C144 /* AnimatedFlameBuilder.swift */; };
		135E231228098CB100F5C144 /* AnimatedDiyaView.swift in Sources */ = {isa = PBXBuildFile; fileRef = 135E231128098CB100F5C144 /* AnimatedDiyaView.swift */; };
		135E2314280994B000F5C144 /* AnimatedDiya.swift in Sources */ = {isa = PBXBuildFile; fileRef = 135E2313280994B000F5C144 /* AnimatedDiya.swift */; };
		135E23172809A43F00F5C144 /* InteractionsPanelView.swift in Sources */ = {isa = PBXBuildFile; fileRef = 135E23162809A43F00F5C144 /* InteractionsPanelView.swift */; };
		135E23192809A4A000F5C144 /* InteractiveButton.swift in Sources */ = {isa = PBXBuildFile; fileRef = 135E23182809A4A000F5C144 /* InteractiveButton.swift */; };
		135E231B2809A80D00F5C144 /* InteractionsPanelButton.swift in Sources */ = {isa = PBXBuildFile; fileRef = 135E231A2809A80D00F5C144 /* InteractionsPanelButton.swift */; };
		135E231E2809CCA700F5C144 /* SystemLanguage.swift in Sources */ = {isa = PBXBuildFile; fileRef = 135E231D2809CCA700F5C144 /* SystemLanguage.swift */; };
		135E23202809CCC200F5C144 /* Strings.swift in Sources */ = {isa = PBXBuildFile; fileRef = 135E231F2809CCC200F5C144 /* Strings.swift */; };
		135E23232809CFD300F5C144 /* InteractionsPanelViewModel.swift in Sources */ = {isa = PBXBuildFile; fileRef = 135E23222809CFD300F5C144 /* InteractionsPanelViewModel.swift */; };
		135E23252809D1AA00F5C144 /* InteractionsPanelBuilder.swift in Sources */ = {isa = PBXBuildFile; fileRef = 135E23242809D1AA00F5C144 /* InteractionsPanelBuilder.swift */; };
		135E23272809DA0800F5C144 /* Array+Extensions.swift in Sources */ = {isa = PBXBuildFile; fileRef = 135E23262809DA0700F5C144 /* Array+Extensions.swift */; };
		135E232B280ABF1700F5C144 /* shankh_sound.mp3 in Resources */ = {isa = PBXBuildFile; fileRef = 135E232A280ABF1700F5C144 /* shankh_sound.mp3 */; };
		135E232D280ABF6200F5C144 /* AudioFX.swift in Sources */ = {isa = PBXBuildFile; fileRef = 135E232C280ABF6200F5C144 /* AudioFX.swift */; };
		135E2330280AC1F400F5C144 /* AudioPlayer.swift in Sources */ = {isa = PBXBuildFile; fileRef = 135E232F280AC1F400F5C144 /* AudioPlayer.swift */; };
		135E2332280AC8B400F5C144 /* bell_sound.mp3 in Resources */ = {isa = PBXBuildFile; fileRef = 135E2331280AC8B400F5C144 /* bell_sound.mp3 */; };
		135E2336280AC93B00F5C144 /* InteractionAudioHandler.swift in Sources */ = {isa = PBXBuildFile; fileRef = 135E2335280AC93B00F5C144 /* InteractionAudioHandler.swift */; };
		135E233A280B0B1700F5C144 /* VirtualMandirLayerAnimator.swift in Sources */ = {isa = PBXBuildFile; fileRef = 135E2339280B0B1700F5C144 /* VirtualMandirLayerAnimator.swift */; };
		13693C38280618E800F71783 /* UIView+Extensions.swift in Sources */ = {isa = PBXBuildFile; fileRef = 13693C37280618E800F71783 /* UIView+Extensions.swift */; };
		13693C3A2806194800F71783 /* GodsCarouselBuilder.swift in Sources */ = {isa = PBXBuildFile; fileRef = 13693C392806194800F71783 /* GodsCarouselBuilder.swift */; };
		13693C3F28068F3700F71783 /* VirtualTempleViewModel.swift in Sources */ = {isa = PBXBuildFile; fileRef = 13693C3E28068F3700F71783 /* VirtualTempleViewModel.swift */; };
		13693C4128069C7100F71783 /* VirtualTempleViewBuilder.swift in Sources */ = {isa = PBXBuildFile; fileRef = 13693C4028069C7100F71783 /* VirtualTempleViewBuilder.swift */; };
		1381BD542806FFBD0008400E /* CurtainArchView.swift in Sources */ = {isa = PBXBuildFile; fileRef = 1381BD532806FFBD0008400E /* CurtainArchView.swift */; };
		1381BD5B28070FF20008400E /* AnimatingBellsView.swift in Sources */ = {isa = PBXBuildFile; fileRef = 1381BD5A28070FF20008400E /* AnimatingBellsView.swift */; };
		1381BD5D28083D0C0008400E /* AnimatedBell.swift in Sources */ = {isa = PBXBuildFile; fileRef = 1381BD5C28083D0C0008400E /* AnimatedBell.swift */; };
		1381BD5F280850A50008400E /* Oscillator.swift in Sources */ = {isa = PBXBuildFile; fileRef = 1381BD5E280850A50008400E /* Oscillator.swift */; };
		13D35A1A28048F160033A96B /* AppDelegate.swift in Sources */ = {isa = PBXBuildFile; fileRef = 13D35A1928048F160033A96B /* AppDelegate.swift */; };
		13D35A1E28048F160033A96B /* ViewController.swift in Sources */ = {isa = PBXBuildFile; fileRef = 13D35A1D28048F160033A96B /* ViewController.swift */; };
		13D35A2328048F170033A96B /* Assets.xcassets in Resources */ = {isa = PBXBuildFile; fileRef = 13D35A2228048F170033A96B /* Assets.xcassets */; };
		13D35A2628048F170033A96B /* LaunchScreen.storyboard in Resources */ = {isa = PBXBuildFile; fileRef = 13D35A2428048F170033A96B /* LaunchScreen.storyboard */; };
		13D35A4128060A8A0033A96B /* VirtualTempleView.swift in Sources */ = {isa = PBXBuildFile; fileRef = 13D35A4028060A8A0033A96B /* VirtualTempleView.swift */; };
		13D35A4428060AB60033A96B /* View.swift in Sources */ = {isa = PBXBuildFile; fileRef = 13D35A4328060AB60033A96B /* View.swift */; };
		13D35A4628060BE00033A96B /* GodsCarousel.swift in Sources */ = {isa = PBXBuildFile; fileRef = 13D35A4528060BE00033A96B /* GodsCarousel.swift */; };
		13D35A4928060CD70033A96B /* God.swift in Sources */ = {isa = PBXBuildFile; fileRef = 13D35A4828060CD70033A96B /* God.swift */; };
		13D35A4B28060E390033A96B /* VirtualTempleErrors.swift in Sources */ = {isa = PBXBuildFile; fileRef = 13D35A4A28060E390033A96B /* VirtualTempleErrors.swift */; };
		13D35A4E280613D00033A96B /* CollectionViewCell.swift in Sources */ = {isa = PBXBuildFile; fileRef = 13D35A4D280613D00033A96B /* CollectionViewCell.swift */; };
		13D35A50280614100033A96B /* CustomUIKitError.swift in Sources */ = {isa = PBXBuildFile; fileRef = 13D35A4F280614100033A96B /* CustomUIKitError.swift */; };
		13D35A53280616650033A96B /* GodsCarouselViewModel.swift in Sources */ = {isa = PBXBuildFile; fileRef = 13D35A52280616650033A96B /* GodsCarouselViewModel.swift */; };
		13D35A55280616870033A96B /* GodsCarouselCollectionViewCell.swift in Sources */ = {isa = PBXBuildFile; fileRef = 13D35A54280616870033A96B /* GodsCarouselCollectionViewCell.swift */; };
/* End PBXBuildFile section */

/* Begin PBXFileReference section */
		135E22F028096DCB00F5C144 /* FlowerEmitterLayer.swift */ = {isa = PBXFileReference; lastKnownFileType = sourcecode.swift; path = FlowerEmitterLayer.swift; sourceTree = "<group>"; };
		135E22F2280975FB00F5C144 /* FlowerFallView.swift */ = {isa = PBXFileReference; lastKnownFileType = sourcecode.swift; path = FlowerFallView.swift; sourceTree = "<group>"; };
		135E22F428097B8300F5C144 /* FallingFlower.swift */ = {isa = PBXFileReference; lastKnownFileType = sourcecode.swift; path = FallingFlower.swift; sourceTree = "<group>"; };
		135E22F82809880E00F5C144 /* flame_6.png */ = {isa = PBXFileReference; lastKnownFileType = image.png; path = flame_6.png; sourceTree = "<group>"; };
		135E22F92809880E00F5C144 /* flame_2.png */ = {isa = PBXFileReference; lastKnownFileType = image.png; path = flame_2.png; sourceTree = "<group>"; };
		135E22FA2809880E00F5C144 /* flame_5.png */ = {isa = PBXFileReference; lastKnownFileType = image.png; path = flame_5.png; sourceTree = "<group>"; };
		135E22FB2809880E00F5C144 /* flame_1.png */ = {isa = PBXFileReference; lastKnownFileType = image.png; path = flame_1.png; sourceTree = "<group>"; };
		135E22FC2809880E00F5C144 /* flame_8.png */ = {isa = PBXFileReference; lastKnownFileType = image.png; path = flame_8.png; sourceTree = "<group>"; };
		135E22FD2809880E00F5C144 /* flame_3.png */ = {isa = PBXFileReference; lastKnownFileType = image.png; path = flame_3.png; sourceTree = "<group>"; };
		135E22FE2809880E00F5C144 /* flame_9.png */ = {isa = PBXFileReference; lastKnownFileType = image.png; path = flame_9.png; sourceTree = "<group>"; };
		135E22FF2809880E00F5C144 /* flame_4.png */ = {isa = PBXFileReference; lastKnownFileType = image.png; path = flame_4.png; sourceTree = "<group>"; };
		135E23002809880E00F5C144 /* flame_7.png */ = {isa = PBXFileReference; lastKnownFileType = image.png; path = flame_7.png; sourceTree = "<group>"; };
		135E230A2809884000F5C144 /* AnimatedFlame.swift */ = {isa = PBXFileReference; lastKnownFileType = sourcecode.swift; path = AnimatedFlame.swift; sourceTree = "<group>"; };
		135E230C28098AB700F5C144 /* AnimatedFlameViewModel.swift */ = {isa = PBXFileReference; lastKnownFileType = sourcecode.swift; path = AnimatedFlameViewModel.swift; sourceTree = "<group>"; };
		135E230E28098C1100F5C144 /* AnimatedFlameBuilder.swift */ = {isa = PBXFileReference; lastKnownFileType = sourcecode.swift; path = AnimatedFlameBuilder.swift; sourceTree = "<group>"; };
		135E231128098CB100F5C144 /* AnimatedDiyaView.swift */ = {isa = PBXFileReference; lastKnownFileType = sourcecode.swift; path = AnimatedDiyaView.swift; sourceTree = "<group>"; };
		135E2313280994B000F5C144 /* AnimatedDiya.swift */ = {isa = PBXFileReference; lastKnownFileType = sourcecode.swift; path = AnimatedDiya.swift; sourceTree = "<group>"; };
		135E23162809A43F00F5C144 /* InteractionsPanelView.swift */ = {isa = PBXFileReference; lastKnownFileType = sourcecode.swift; path = InteractionsPanelView.swift; sourceTree = "<group>"; };
		135E23182809A4A000F5C144 /* InteractiveButton.swift */ = {isa = PBXFileReference; lastKnownFileType = sourcecode.swift; path = InteractiveButton.swift; sourceTree = "<group>"; };
		135E231A2809A80D00F5C144 /* InteractionsPanelButton.swift */ = {isa = PBXFileReference; lastKnownFileType = sourcecode.swift; path = InteractionsPanelButton.swift; sourceTree = "<group>"; };
		135E231D2809CCA700F5C144 /* SystemLanguage.swift */ = {isa = PBXFileReference; lastKnownFileType = sourcecode.swift; path = SystemLanguage.swift; sourceTree = "<group>"; };
		135E231F2809CCC200F5C144 /* Strings.swift */ = {isa = PBXFileReference; lastKnownFileType = sourcecode.swift; path = Strings.swift; sourceTree = "<group>"; };
		135E23222809CFD300F5C144 /* InteractionsPanelViewModel.swift */ = {isa = PBXFileReference; lastKnownFileType = sourcecode.swift; path = InteractionsPanelViewModel.swift; sourceTree = "<group>"; };
		135E23242809D1AA00F5C144 /* InteractionsPanelBuilder.swift */ = {isa = PBXFileReference; lastKnownFileType = sourcecode.swift; path = InteractionsPanelBuilder.swift; sourceTree = "<group>"; };
		135E23262809DA0700F5C144 /* Array+Extensions.swift */ = {isa = PBXFileReference; lastKnownFileType = sourcecode.swift; path = "Array+Extensions.swift"; sourceTree = "<group>"; };
		135E232A280ABF1700F5C144 /* shankh_sound.mp3 */ = {isa = PBXFileReference; lastKnownFileType = audio.mp3; path = shankh_sound.mp3; sourceTree = "<group>"; };
		135E232C280ABF6200F5C144 /* AudioFX.swift */ = {isa = PBXFileReference; lastKnownFileType = sourcecode.swift; path = AudioFX.swift; sourceTree = "<group>"; };
		135E232F280AC1F400F5C144 /* AudioPlayer.swift */ = {isa = PBXFileReference; lastKnownFileType = sourcecode.swift; path = AudioPlayer.swift; sourceTree = "<group>"; };
		135E2331280AC8B400F5C144 /* bell_sound.mp3 */ = {isa = PBXFileReference; lastKnownFileType = audio.mp3; path = bell_sound.mp3; sourceTree = "<group>"; };
		135E2335280AC93B00F5C144 /* InteractionAudioHandler.swift */ = {isa = PBXFileReference; lastKnownFileType = sourcecode.swift; path = InteractionAudioHandler.swift; sourceTree = "<group>"; };
		135E2339280B0B1700F5C144 /* VirtualMandirLayerAnimator.swift */ = {isa = PBXFileReference; lastKnownFileType = sourcecode.swift; path = VirtualMandirLayerAnimator.swift; sourceTree = "<group>"; };
		13693C37280618E800F71783 /* UIView+Extensions.swift */ = {isa = PBXFileReference; lastKnownFileType = sourcecode.swift; path = "UIView+Extensions.swift"; sourceTree = "<group>"; };
		13693C392806194800F71783 /* GodsCarouselBuilder.swift */ = {isa = PBXFileReference; lastKnownFileType = sourcecode.swift; path = GodsCarouselBuilder.swift; sourceTree = "<group>"; };
		13693C3E28068F3700F71783 /* VirtualTempleViewModel.swift */ = {isa = PBXFileReference; lastKnownFileType = sourcecode.swift; path = VirtualTempleViewModel.swift; sourceTree = "<group>"; };
		13693C4028069C7100F71783 /* VirtualTempleViewBuilder.swift */ = {isa = PBXFileReference; lastKnownFileType = sourcecode.swift; path = VirtualTempleViewBuilder.swift; sourceTree = "<group>"; };
		1381BD532806FFBD0008400E /* CurtainArchView.swift */ = {isa = PBXFileReference; lastKnownFileType = sourcecode.swift; path = CurtainArchView.swift; sourceTree = "<group>"; };
		1381BD5A28070FF20008400E /* AnimatingBellsView.swift */ = {isa = PBXFileReference; lastKnownFileType = sourcecode.swift; path = AnimatingBellsView.swift; sourceTree = "<group>"; };
		1381BD5C28083D0C0008400E /* AnimatedBell.swift */ = {isa = PBXFileReference; lastKnownFileType = sourcecode.swift; path = AnimatedBell.swift; sourceTree = "<group>"; };
		1381BD5E280850A50008400E /* Oscillator.swift */ = {isa = PBXFileReference; lastKnownFileType = sourcecode.swift; path = Oscillator.swift; sourceTree = "<group>"; };
		13D35A1628048F160033A96B /* VirtualMandir.app */ = {isa = PBXFileReference; explicitFileType = wrapper.application; includeInIndex = 0; path = VirtualMandir.app; sourceTree = BUILT_PRODUCTS_DIR; };
		13D35A1928048F160033A96B /* AppDelegate.swift */ = {isa = PBXFileReference; lastKnownFileType = sourcecode.swift; path = AppDelegate.swift; sourceTree = "<group>"; };
		13D35A1D28048F160033A96B /* ViewController.swift */ = {isa = PBXFileReference; lastKnownFileType = sourcecode.swift; path = ViewController.swift; sourceTree = "<group>"; };
		13D35A2228048F170033A96B /* Assets.xcassets */ = {isa = PBXFileReference; lastKnownFileType = folder.assetcatalog; path = Assets.xcassets; sourceTree = "<group>"; };
		13D35A2528048F170033A96B /* Base */ = {isa = PBXFileReference; lastKnownFileType = file.storyboard; name = Base; path = Base.lproj/LaunchScreen.storyboard; sourceTree = "<group>"; };
		13D35A2728048F170033A96B /* Info.plist */ = {isa = PBXFileReference; lastKnownFileType = text.plist.xml; path = Info.plist; sourceTree = "<group>"; };
		13D35A4028060A8A0033A96B /* VirtualTempleView.swift */ = {isa = PBXFileReference; lastKnownFileType = sourcecode.swift; path = VirtualTempleView.swift; sourceTree = "<group>"; };
		13D35A4328060AB60033A96B /* View.swift */ = {isa = PBXFileReference; lastKnownFileType = sourcecode.swift; path = View.swift; sourceTree = "<group>"; };
		13D35A4528060BE00033A96B /* GodsCarousel.swift */ = {isa = PBXFileReference; lastKnownFileType = sourcecode.swift; path = GodsCarousel.swift; sourceTree = "<group>"; };
		13D35A4828060CD70033A96B /* God.swift */ = {isa = PBXFileReference; lastKnownFileType = sourcecode.swift; path = God.swift; sourceTree = "<group>"; };
		13D35A4A28060E390033A96B /* VirtualTempleErrors.swift */ = {isa = PBXFileReference; lastKnownFileType = sourcecode.swift; path = VirtualTempleErrors.swift; sourceTree = "<group>"; };
		13D35A4D280613D00033A96B /* CollectionViewCell.swift */ = {isa = PBXFileReference; lastKnownFileType = sourcecode.swift; path = CollectionViewCell.swift; sourceTree = "<group>"; };
		13D35A4F280614100033A96B /* CustomUIKitError.swift */ = {isa = PBXFileReference; lastKnownFileType = sourcecode.swift; path = CustomUIKitError.swift; sourceTree = "<group>"; };
		13D35A52280616650033A96B /* GodsCarouselViewModel.swift */ = {isa = PBXFileReference; lastKnownFileType = sourcecode.swift; path = GodsCarouselViewModel.swift; sourceTree = "<group>"; };
		13D35A54280616870033A96B /* GodsCarouselCollectionViewCell.swift */ = {isa = PBXFileReference; lastKnownFileType = sourcecode.swift; path = GodsCarouselCollectionViewCell.swift; sourceTree = "<group>"; };
/* End PBXFileReference section */

/* Begin PBXFrameworksBuildPhase section */
		13D35A1328048F160033A96B /* Frameworks */ = {
			isa = PBXFrameworksBuildPhase;
			buildActionMask = 2147483647;
			files = (
			);
			runOnlyForDeploymentPostprocessing = 0;
		};
/* End PBXFrameworksBuildPhase section */

/* Begin PBXGroup section */
		135E22EE28096DA200F5C144 /* FlowerFall */ = {
			isa = PBXGroup;
			children = (
				135E22F028096DCB00F5C144 /* FlowerEmitterLayer.swift */,
				135E22F2280975FB00F5C144 /* FlowerFallView.swift */,
				135E22F428097B8300F5C144 /* FallingFlower.swift */,
			);
			path = FlowerFall;
			sourceTree = "<group>";
		};
		135E22F6280987DD00F5C144 /* AnimatedDiya */ = {
			isa = PBXGroup;
			children = (
				135E231028098C8A00F5C144 /* AnimatedFlame */,
				135E231128098CB100F5C144 /* AnimatedDiyaView.swift */,
				135E2313280994B000F5C144 /* AnimatedDiya.swift */,
			);
			path = AnimatedDiya;
			sourceTree = "<group>";
		};
		135E22F7280987F000F5C144 /* flame-frames */ = {
			isa = PBXGroup;
			children = (
				135E22FB2809880E00F5C144 /* flame_1.png */,
				135E22F92809880E00F5C144 /* flame_2.png */,
				135E22FD2809880E00F5C144 /* flame_3.png */,
				135E22FF2809880E00F5C144 /* flame_4.png */,
				135E22FA2809880E00F5C144 /* flame_5.png */,
				135E22F82809880E00F5C144 /* flame_6.png */,
				135E23002809880E00F5C144 /* flame_7.png */,
				135E22FC2809880E00F5C144 /* flame_8.png */,
				135E22FE2809880E00F5C144 /* flame_9.png */,
			);
			path = "flame-frames";
			sourceTree = "<group>";
		};
		135E231028098C8A00F5C144 /* AnimatedFlame */ = {
			isa = PBXGroup;
			children = (
				135E22F7280987F000F5C144 /* flame-frames */,
				135E230A2809884000F5C144 /* AnimatedFlame.swift */,
				135E230E28098C1100F5C144 /* AnimatedFlameBuilder.swift */,
				135E230C28098AB700F5C144 /* AnimatedFlameViewModel.swift */,
			);
			path = AnimatedFlame;
			sourceTree = "<group>";
		};
		135E23152809A42B00F5C144 /* InteractionsPanel */ = {
			isa = PBXGroup;
			children = (
				135E23162809A43F00F5C144 /* InteractionsPanelView.swift */,
				135E231A2809A80D00F5C144 /* InteractionsPanelButton.swift */,
				135E23222809CFD300F5C144 /* InteractionsPanelViewModel.swift */,
				135E23242809D1AA00F5C144 /* InteractionsPanelBuilder.swift */,
			);
			path = InteractionsPanel;
			sourceTree = "<group>";
		};
		135E231C2809CC9000F5C144 /* language */ = {
			isa = PBXGroup;
			children = (
				135E231D2809CCA700F5C144 /* SystemLanguage.swift */,
				135E231F2809CCC200F5C144 /* Strings.swift */,
			);
			path = language;
			sourceTree = "<group>";
		};
		135E2328280ABF0600F5C144 /* resources */ = {
			isa = PBXGroup;
			children = (
				135E2329280ABF0D00F5C144 /* audioFX */,
			);
			path = resources;
			sourceTree = "<group>";
		};
		135E2329280ABF0D00F5C144 /* audioFX */ = {
			isa = PBXGroup;
			children = (
				135E232A280ABF1700F5C144 /* shankh_sound.mp3 */,
				135E2331280AC8B400F5C144 /* bell_sound.mp3 */,
				135E232C280ABF6200F5C144 /* AudioFX.swift */,
			);
			path = audioFX;
			sourceTree = "<group>";
		};
		135E232E280AC1E900F5C144 /* common-services */ = {
			isa = PBXGroup;
			children = (
				135E232F280AC1F400F5C144 /* AudioPlayer.swift */,
			);
			path = "common-services";
			sourceTree = "<group>";
		};
		135E2333280AC92100F5C144 /* temple-services */ = {
			isa = PBXGroup;
			children = (
				135E2335280AC93B00F5C144 /* InteractionAudioHandler.swift */,
				135E2339280B0B1700F5C144 /* VirtualMandirLayerAnimator.swift */,
			);
			path = "temple-services";
			sourceTree = "<group>";
		};
		13693C3B28068C4000F71783 /* Layers */ = {
			isa = PBXGroup;
			children = (
				135E23152809A42B00F5C144 /* InteractionsPanel */,
				135E22F6280987DD00F5C144 /* AnimatedDiya */,
				135E22EE28096DA200F5C144 /* FlowerFall */,
				1381BD5928070FDF0008400E /* AnimatingBells */,
				1381BD5828070F770008400E /* CurtainArch */,
				13D35A51280616510033A96B /* GodsCarousel */,
			);
			path = Layers;
			sourceTree = "<group>";
		};
		13693C3D28068EDD00F71783 /* VirtualTempleView */ = {
			isa = PBXGroup;
			children = (
				13D35A4028060A8A0033A96B /* VirtualTempleView.swift */,
				13693C3E28068F3700F71783 /* VirtualTempleViewModel.swift */,
				13693C4028069C7100F71783 /* VirtualTempleViewBuilder.swift */,
			);
			path = VirtualTempleView;
			sourceTree = "<group>";
		};
		1381BD5828070F770008400E /* CurtainArch */ = {
			isa = PBXGroup;
			children = (
				1381BD532806FFBD0008400E /* CurtainArchView.swift */,
			);
			path = CurtainArch;
			sourceTree = "<group>";
		};
		1381BD5928070FDF0008400E /* AnimatingBells */ = {
			isa = PBXGroup;
			children = (
				1381BD5A28070FF20008400E /* AnimatingBellsView.swift */,
				1381BD5C28083D0C0008400E /* AnimatedBell.swift */,
				1381BD5E280850A50008400E /* Oscillator.swift */,
			);
			path = AnimatingBells;
			sourceTree = "<group>";
		};
		13D35A0D28048F160033A96B = {
			isa = PBXGroup;
			children = (
				13D35A1828048F160033A96B /* VirualMandir */,
				13D35A1728048F160033A96B /* Products */,
			);
			sourceTree = "<group>";
		};
		13D35A1728048F160033A96B /* Products */ = {
			isa = PBXGroup;
			children = (
				13D35A1628048F160033A96B /* VirtualMandir.app */,
			);
			name = Products;
			sourceTree = "<group>";
		};
		13D35A1828048F160033A96B /* VirualMandir */ = {
			isa = PBXGroup;
			children = (
				135E232E280AC1E900F5C144 /* common-services */,
				135E2328280ABF0600F5C144 /* resources */,
				135E231C2809CC9000F5C144 /* language */,
				13D35A4C28060FD90033A96B /* extensions */,
				13D35A4728060CCA0033A96B /* model */,
				13D35A4228060A990033A96B /* custom-uikit */,
				13D35A3D28060A410033A96B /* scenes */,
				13D35A3C2805A47F0033A96B /* common-widgets */,
				13D35A1928048F160033A96B /* AppDelegate.swift */,
				13D35A2228048F170033A96B /* Assets.xcassets */,
				13D35A2428048F170033A96B /* LaunchScreen.storyboard */,
				13D35A2728048F170033A96B /* Info.plist */,
			);
			path = VirualMandir;
			sourceTree = "<group>";
		};
		13D35A3C2805A47F0033A96B /* common-widgets */ = {
			isa = PBXGroup;
			children = (
			);
			path = "common-widgets";
			sourceTree = "<group>";
		};
		13D35A3D28060A410033A96B /* scenes */ = {
			isa = PBXGroup;
			children = (
				13D35A3E28060A4B0033A96B /* home */,
			);
			path = scenes;
			sourceTree = "<group>";
		};
		13D35A3E28060A4B0033A96B /* home */ = {
			isa = PBXGroup;
			children = (
				13D35A3F28060A5E0033A96B /* virtual-temple */,
				13D35A1D28048F160033A96B /* ViewController.swift */,
			);
			path = home;
			sourceTree = "<group>";
		};
		13D35A3F28060A5E0033A96B /* virtual-temple */ = {
			isa = PBXGroup;
			children = (
				135E2333280AC92100F5C144 /* temple-services */,
				13693C3B28068C4000F71783 /* Layers */,
				13693C3D28068EDD00F71783 /* VirtualTempleView */,
				13D35A4A28060E390033A96B /* VirtualTempleErrors.swift */,
			);
			path = "virtual-temple";
			sourceTree = "<group>";
		};
		13D35A4228060A990033A96B /* custom-uikit */ = {
			isa = PBXGroup;
			children = (
				13D35A4328060AB60033A96B /* View.swift */,
				13D35A4828060CD70033A96B /* God.swift */,
				135E23182809A4A000F5C144 /* InteractiveButton.swift */,
				13D35A4D280613D00033A96B /* CollectionViewCell.swift */,
				13D35A4F280614100033A96B /* CustomUIKitError.swift */,
			);
			path = "custom-uikit";
			sourceTree = "<group>";
		};
		13D35A4728060CCA0033A96B /* model */ = {
			isa = PBXGroup;
			children = (
			);
			path = model;
			sourceTree = "<group>";
		};
		13D35A4C28060FD90033A96B /* extensions */ = {
			isa = PBXGroup;
			children = (
				13693C37280618E800F71783 /* UIView+Extensions.swift */,
				135E23262809DA0700F5C144 /* Array+Extensions.swift */,
			);
			path = extensions;
			sourceTree = "<group>";
		};
		13D35A51280616510033A96B /* GodsCarousel */ = {
			isa = PBXGroup;
			children = (
				13D35A4528060BE00033A96B /* GodsCarousel.swift */,
				13D35A52280616650033A96B /* GodsCarouselViewModel.swift */,
				13D35A54280616870033A96B /* GodsCarouselCollectionViewCell.swift */,
				13693C392806194800F71783 /* GodsCarouselBuilder.swift */,
			);
			path = GodsCarousel;
			sourceTree = "<group>";
		};
/* End PBXGroup section */

/* Begin PBXNativeTarget section */
		13D35A1528048F160033A96B /* VirtualMandir */ = {
			isa = PBXNativeTarget;
			buildConfigurationList = 13D35A2A28048F170033A96B /* Build configuration list for PBXNativeTarget "VirtualMandir" */;
			buildPhases = (
				13D35A1228048F160033A96B /* Sources */,
				13D35A1328048F160033A96B /* Frameworks */,
				13D35A1428048F160033A96B /* Resources */,
			);
			buildRules = (
			);
			dependencies = (
			);
			name = VirtualMandir;
			productName = VirualMandir;
			productReference = 13D35A1628048F160033A96B /* VirtualMandir.app */;
			productType = "com.apple.product-type.application";
		};
/* End PBXNativeTarget section */

/* Begin PBXProject section */
		13D35A0E28048F160033A96B /* Project object */ = {
			isa = PBXProject;
			attributes = {
				BuildIndependentTargetsInParallel = 1;
				LastSwiftUpdateCheck = 1310;
				LastUpgradeCheck = 1310;
				TargetAttributes = {
					13D35A1528048F160033A96B = {
						CreatedOnToolsVersion = 13.1;
					};
				};
			};
			buildConfigurationList = 13D35A1128048F160033A96B /* Build configuration list for PBXProject "VirtualMandir" */;
			compatibilityVersion = "Xcode 13.0";
			developmentRegion = en;
			hasScannedForEncodings = 0;
			knownRegions = (
				en,
				Base,
			);
			mainGroup = 13D35A0D28048F160033A96B;
			productRefGroup = 13D35A1728048F160033A96B /* Products */;
			projectDirPath = "";
			projectRoot = "";
			targets = (
				13D35A1528048F160033A96B /* VirtualMandir */,
			);
		};
/* End PBXProject section */

/* Begin PBXResourcesBuildPhase section */
		13D35A1428048F160033A96B /* Resources */ = {
			isa = PBXResourcesBuildPhase;
			buildActionMask = 2147483647;
			files = (
				135E23082809880E00F5C144 /* flame_4.png in Resources */,
				135E23052809880E00F5C144 /* flame_8.png in Resources */,
				135E23092809880E00F5C144 /* flame_7.png in Resources */,
				135E23022809880E00F5C144 /* flame_2.png in Resources */,
				135E232B280ABF1700F5C144 /* shankh_sound.mp3 in Resources */,
				135E23012809880E00F5C144 /* flame_6.png in Resources */,
				135E23072809880E00F5C144 /* flame_9.png in Resources */,
				13D35A2628048F170033A96B /* LaunchScreen.storyboard in Resources */,
				135E2332280AC8B400F5C144 /* bell_sound.mp3 in Resources */,
				135E23042809880E00F5C144 /* flame_1.png in Resources */,
				135E23062809880E00F5C144 /* flame_3.png in Resources */,
				13D35A2328048F170033A96B /* Assets.xcassets in Resources */,
				135E23032809880E00F5C144 /* flame_5.png in Resources */,
			);
			runOnlyForDeploymentPostprocessing = 0;
		};
/* End PBXResourcesBuildPhase section */

/* Begin PBXSourcesBuildPhase section */
		13D35A1228048F160033A96B /* Sources */ = {
			isa = PBXSourcesBuildPhase;
			buildActionMask = 2147483647;
			files = (
				135E230F28098C1100F5C144 /* AnimatedFlameBuilder.swift in Sources */,
				135E231B2809A80D00F5C144 /* InteractionsPanelButton.swift in Sources */,
				13D35A4628060BE00033A96B /* GodsCarousel.swift in Sources */,
				135E233A280B0B1700F5C144 /* VirtualMandirLayerAnimator.swift in Sources */,
				13D35A4B28060E390033A96B /* VirtualTempleErrors.swift in Sources */,
				13D35A4E280613D00033A96B /* CollectionViewCell.swift in Sources */,
				135E230D28098AB700F5C144 /* AnimatedFlameViewModel.swift in Sources */,
				135E231E2809CCA700F5C144 /* SystemLanguage.swift in Sources */,
				135E23192809A4A000F5C144 /* InteractiveButton.swift in Sources */,
				135E22F3280975FB00F5C144 /* FlowerFallView.swift in Sources */,
				135E231228098CB100F5C144 /* AnimatedDiyaView.swift in Sources */,
				135E230B2809884000F5C144 /* AnimatedFlame.swift in Sources */,
				13D35A4428060AB60033A96B /* View.swift in Sources */,
				13693C4128069C7100F71783 /* VirtualTempleViewBuilder.swift in Sources */,
				13D35A1E28048F160033A96B /* ViewController.swift in Sources */,
				13D35A50280614100033A96B /* CustomUIKitError.swift in Sources */,
				13693C38280618E800F71783 /* UIView+Extensions.swift in Sources */,
				135E2330280AC1F400F5C144 /* AudioPlayer.swift in Sources */,
				1381BD5B28070FF20008400E /* AnimatingBellsView.swift in Sources */,
				135E22F128096DCB00F5C144 /* FlowerEmitterLayer.swift in Sources */,
				135E23202809CCC200F5C144 /* Strings.swift in Sources */,
				1381BD5F280850A50008400E /* Oscillator.swift in Sources */,
				135E23232809CFD300F5C144 /* InteractionsPanelViewModel.swift in Sources */,
				13D35A4128060A8A0033A96B /* VirtualTempleView.swift in Sources */,
				13D35A53280616650033A96B /* GodsCarouselViewModel.swift in Sources */,
				1381BD5D28083D0C0008400E /* AnimatedBell.swift in Sources */,
				135E232D280ABF6200F5C144 /* AudioFX.swift in Sources */,
				13693C3F28068F3700F71783 /* VirtualTempleViewModel.swift in Sources */,
				135E23252809D1AA00F5C144 /* InteractionsPanelBuilder.swift in Sources */,
				13D35A4928060CD70033A96B /* God.swift in Sources */,
				13693C3A2806194800F71783 /* GodsCarouselBuilder.swift in Sources */,
				135E2336280AC93B00F5C144 /* InteractionAudioHandler.swift in Sources */,
				13D35A55280616870033A96B /* GodsCarouselCollectionViewCell.swift in Sources */,
				13D35A1A28048F160033A96B /* AppDelegate.swift in Sources */,
				135E23172809A43F00F5C144 /* InteractionsPanelView.swift in Sources */,
				135E23272809DA0800F5C144 /* Array+Extensions.swift in Sources */,
				135E22F528097B8300F5C144 /* FallingFlower.swift in Sources */,
				135E2314280994B000F5C144 /* AnimatedDiya.swift in Sources */,
				1381BD542806FFBD0008400E /* CurtainArchView.swift in Sources */,
			);
			runOnlyForDeploymentPostprocessing = 0;
		};
/* End PBXSourcesBuildPhase section */

/* Begin PBXVariantGroup section */
		13D35A2428048F170033A96B /* LaunchScreen.storyboard */ = {
			isa = PBXVariantGroup;
			children = (
				13D35A2528048F170033A96B /* Base */,
			);
			name = LaunchScreen.storyboard;
			sourceTree = "<group>";
		};
/* End PBXVariantGroup section */

/* Begin XCBuildConfiguration section */
		13D35A2828048F170033A96B /* Debug */ = {
			isa = XCBuildConfiguration;
			buildSettings = {
				ALWAYS_SEARCH_USER_PATHS = NO;
				CLANG_ANALYZER_NONNULL = YES;
				CLANG_ANALYZER_NUMBER_OBJECT_CONVERSION = YES_AGGRESSIVE;
				CLANG_CXX_LANGUAGE_STANDARD = "gnu++17";
				CLANG_CXX_LIBRARY = "libc++";
				CLANG_ENABLE_MODULES = YES;
				CLANG_ENABLE_OBJC_ARC = YES;
				CLANG_ENABLE_OBJC_WEAK = YES;
				CLANG_WARN_BLOCK_CAPTURE_AUTORELEASING = YES;
				CLANG_WARN_BOOL_CONVERSION = YES;
				CLANG_WARN_COMMA = YES;
				CLANG_WARN_CONSTANT_CONVERSION = YES;
				CLANG_WARN_DEPRECATED_OBJC_IMPLEMENTATIONS = YES;
				CLANG_WARN_DIRECT_OBJC_ISA_USAGE = YES_ERROR;
				CLANG_WARN_DOCUMENTATION_COMMENTS = YES;
				CLANG_WARN_EMPTY_BODY = YES;
				CLANG_WARN_ENUM_CONVERSION = YES;
				CLANG_WARN_INFINITE_RECURSION = YES;
				CLANG_WARN_INT_CONVERSION = YES;
				CLANG_WARN_NON_LITERAL_NULL_CONVERSION = YES;
				CLANG_WARN_OBJC_IMPLICIT_RETAIN_SELF = YES;
				CLANG_WARN_OBJC_LITERAL_CONVERSION = YES;
				CLANG_WARN_OBJC_ROOT_CLASS = YES_ERROR;
				CLANG_WARN_QUOTED_INCLUDE_IN_FRAMEWORK_HEADER = YES;
				CLANG_WARN_RANGE_LOOP_ANALYSIS = YES;
				CLANG_WARN_STRICT_PROTOTYPES = YES;
				CLANG_WARN_SUSPICIOUS_MOVE = YES;
				CLANG_WARN_UNGUARDED_AVAILABILITY = YES_AGGRESSIVE;
				CLANG_WARN_UNREACHABLE_CODE = YES;
				CLANG_WARN__DUPLICATE_METHOD_MATCH = YES;
				COPY_PHASE_STRIP = NO;
				DEBUG_INFORMATION_FORMAT = dwarf;
				ENABLE_STRICT_OBJC_MSGSEND = YES;
				ENABLE_TESTABILITY = YES;
				GCC_C_LANGUAGE_STANDARD = gnu11;
				GCC_DYNAMIC_NO_PIC = NO;
				GCC_NO_COMMON_BLOCKS = YES;
				GCC_OPTIMIZATION_LEVEL = 0;
				GCC_PREPROCESSOR_DEFINITIONS = (
					"DEBUG=1",
					"$(inherited)",
				);
				GCC_WARN_64_TO_32_BIT_CONVERSION = YES;
				GCC_WARN_ABOUT_RETURN_TYPE = YES_ERROR;
				GCC_WARN_UNDECLARED_SELECTOR = YES;
				GCC_WARN_UNINITIALIZED_AUTOS = YES_AGGRESSIVE;
				GCC_WARN_UNUSED_FUNCTION = YES;
				GCC_WARN_UNUSED_VARIABLE = YES;
				IPHONEOS_DEPLOYMENT_TARGET = 12;
				MTL_ENABLE_DEBUG_INFO = INCLUDE_SOURCE;
				MTL_FAST_MATH = YES;
				ONLY_ACTIVE_ARCH = YES;
				SDKROOT = iphoneos;
				SWIFT_ACTIVE_COMPILATION_CONDITIONS = DEBUG;
				SWIFT_OPTIMIZATION_LEVEL = "-Onone";
			};
			name = Debug;
		};
		13D35A2928048F170033A96B /* Release */ = {
			isa = XCBuildConfiguration;
			buildSettings = {
				ALWAYS_SEARCH_USER_PATHS = NO;
				CLANG_ANALYZER_NONNULL = YES;
				CLANG_ANALYZER_NUMBER_OBJECT_CONVERSION = YES_AGGRESSIVE;
				CLANG_CXX_LANGUAGE_STANDARD = "gnu++17";
				CLANG_CXX_LIBRARY = "libc++";
				CLANG_ENABLE_MODULES = YES;
				CLANG_ENABLE_OBJC_ARC = YES;
				CLANG_ENABLE_OBJC_WEAK = YES;
				CLANG_WARN_BLOCK_CAPTURE_AUTORELEASING = YES;
				CLANG_WARN_BOOL_CONVERSION = YES;
				CLANG_WARN_COMMA = YES;
				CLANG_WARN_CONSTANT_CONVERSION = YES;
				CLANG_WARN_DEPRECATED_OBJC_IMPLEMENTATIONS = YES;
				CLANG_WARN_DIRECT_OBJC_ISA_USAGE = YES_ERROR;
				CLANG_WARN_DOCUMENTATION_COMMENTS = YES;
				CLANG_WARN_EMPTY_BODY = YES;
				CLANG_WARN_ENUM_CONVERSION = YES;
				CLANG_WARN_INFINITE_RECURSION = YES;
				CLANG_WARN_INT_CONVERSION = YES;
				CLANG_WARN_NON_LITERAL_NULL_CONVERSION = YES;
				CLANG_WARN_OBJC_IMPLICIT_RETAIN_SELF = YES;
				CLANG_WARN_OBJC_LITERAL_CONVERSION = YES;
				CLANG_WARN_OBJC_ROOT_CLASS = YES_ERROR;
				CLANG_WARN_QUOTED_INCLUDE_IN_FRAMEWORK_HEADER = YES;
				CLANG_WARN_RANGE_LOOP_ANALYSIS = YES;
				CLANG_WARN_STRICT_PROTOTYPES = YES;
				CLANG_WARN_SUSPICIOUS_MOVE = YES;
				CLANG_WARN_UNGUARDED_AVAILABILITY = YES_AGGRESSIVE;
				CLANG_WARN_UNREACHABLE_CODE = YES;
				CLANG_WARN__DUPLICATE_METHOD_MATCH = YES;
				COPY_PHASE_STRIP = NO;
				DEBUG_INFORMATION_FORMAT = "dwarf-with-dsym";
				ENABLE_NS_ASSERTIONS = NO;
				ENABLE_STRICT_OBJC_MSGSEND = YES;
				GCC_C_LANGUAGE_STANDARD = gnu11;
				GCC_NO_COMMON_BLOCKS = YES;
				GCC_WARN_64_TO_32_BIT_CONVERSION = YES;
				GCC_WARN_ABOUT_RETURN_TYPE = YES_ERROR;
				GCC_WARN_UNDECLARED_SELECTOR = YES;
				GCC_WARN_UNINITIALIZED_AUTOS = YES_AGGRESSIVE;
				GCC_WARN_UNUSED_FUNCTION = YES;
				GCC_WARN_UNUSED_VARIABLE = YES;
				IPHONEOS_DEPLOYMENT_TARGET = 12;
				MTL_ENABLE_DEBUG_INFO = NO;
				MTL_FAST_MATH = YES;
				SDKROOT = iphoneos;
				SWIFT_COMPILATION_MODE = wholemodule;
				SWIFT_OPTIMIZATION_LEVEL = "-O";
				VALIDATE_PRODUCT = YES;
			};
			name = Release;
		};
		13D35A2B28048F170033A96B /* Debug */ = {
			isa = XCBuildConfiguration;
			buildSettings = {
				ASSETCATALOG_COMPILER_APPICON_NAME = AppIcon;
				ASSETCATALOG_COMPILER_GLOBAL_ACCENT_COLOR_NAME = AccentColor;
				CODE_SIGN_STYLE = Automatic;
				CURRENT_PROJECT_VERSION = 1;
				DEVELOPMENT_TEAM = JZS4876N25;
				GENERATE_INFOPLIST_FILE = YES;
				INFOPLIST_FILE = VirualMandir/Info.plist;
				INFOPLIST_KEY_UIApplicationSupportsIndirectInputEvents = YES;
				INFOPLIST_KEY_UILaunchStoryboardName = LaunchScreen;
				INFOPLIST_KEY_UISupportedInterfaceOrientations = UIInterfaceOrientationPortrait;
				INFOPLIST_KEY_UISupportedInterfaceOrientations_iPad = "UIInterfaceOrientationPortrait UIInterfaceOrientationPortraitUpsideDown UIInterfaceOrientationLandscapeLeft UIInterfaceOrientationLandscapeRight";
				INFOPLIST_KEY_UISupportedInterfaceOrientations_iPhone = "UIInterfaceOrientationPortrait UIInterfaceOrientationLandscapeLeft UIInterfaceOrientationLandscapeRight";
				LD_RUNPATH_SEARCH_PATHS = (
					"$(inherited)",
					"@executable_path/Frameworks",
				);
				MARKETING_VERSION = 1.0;
				PRODUCT_BUNDLE_IDENTIFIER = com.jatin.garg.virtualmandir;
				PRODUCT_NAME = "$(TARGET_NAME)";
				SWIFT_EMIT_LOC_STRINGS = YES;
				SWIFT_VERSION = 5.0;
				TARGETED_DEVICE_FAMILY = 1;
			};
			name = Debug;
		};
		13D35A2C28048F170033A96B /* Release */ = {
			isa = XCBuildConfiguration;
			buildSettings = {
				ASSETCATALOG_COMPILER_APPICON_NAME = AppIcon;
				ASSETCATALOG_COMPILER_GLOBAL_ACCENT_COLOR_NAME = AccentColor;
				CODE_SIGN_STYLE = Automatic;
				CURRENT_PROJECT_VERSION = 1;
				DEVELOPMENT_TEAM = JZS4876N25;
				GENERATE_INFOPLIST_FILE = YES;
				INFOPLIST_FILE = VirualMandir/Info.plist;
				INFOPLIST_KEY_UIApplicationSupportsIndirectInputEvents = YES;
				INFOPLIST_KEY_UILaunchStoryboardName = LaunchScreen;
				INFOPLIST_KEY_UISupportedInterfaceOrientations = UIInterfaceOrientationPortrait;
				INFOPLIST_KEY_UISupportedInterfaceOrientations_iPad = "UIInterfaceOrientationPortrait UIInterfaceOrientationPortraitUpsideDown UIInterfaceOrientationLandscapeLeft UIInterfaceOrientationLandscapeRight";
				INFOPLIST_KEY_UISupportedInterfaceOrientations_iPhone = "UIInterfaceOrientationPortrait UIInterfaceOrientationLandscapeLeft UIInterfaceOrientationLandscapeRight";
				LD_RUNPATH_SEARCH_PATHS = (
					"$(inherited)",
					"@executable_path/Frameworks",
				);
				MARKETING_VERSION = 1.0;
				PRODUCT_BUNDLE_IDENTIFIER = com.jatin.garg.virtualmandir;
				PRODUCT_NAME = "$(TARGET_NAME)";
				SWIFT_EMIT_LOC_STRINGS = YES;
				SWIFT_VERSION = 5.0;
				TARGETED_DEVICE_FAMILY = 1;
			};
			name = Release;
		};
/* End XCBuildConfiguration section */

/* Begin XCConfigurationList section */
		13D35A1128048F160033A96B /* Build configuration list for PBXProject "VirtualMandir" */ = {
			isa = XCConfigurationList;
			buildConfigurations = (
				13D35A2828048F170033A96B /* Debug */,
				13D35A2928048F170033A96B /* Release */,
			);
			defaultConfigurationIsVisible = 0;
			defaultConfigurationName = Release;
		};
		13D35A2A28048F170033A96B /* Build configuration list for PBXNativeTarget "VirtualMandir" */ = {
			isa = XCConfigurationList;
			buildConfigurations = (
				13D35A2B28048F170033A96B /* Debug */,
				13D35A2C28048F170033A96B /* Release */,
			);
			defaultConfigurationIsVisible = 0;
			defaultConfigurationName = Release;
		};
/* End XCConfigurationList section */
	};
	rootObject = 13D35A0E28048F160033A96B /* Project object */;
}
