// !$*UTF8*$!
{
	archiveVersion = 1;
	classes = {
	};
	objectVersion = 55;
	objects = {

/* Begin PBXBuildFile section */
		13693C38280618E800F71783 /* UIView+Extensions.swift in Sources */ = {isa = PBXBuildFile; fileRef = 13693C37280618E800F71783 /* UIView+Extensions.swift */; };
		13693C3A2806194800F71783 /* GodsCarouselBuilder.swift in Sources */ = {isa = PBXBuildFile; fileRef = 13693C392806194800F71783 /* GodsCarouselBuilder.swift */; };
		13D35A1A28048F160033A96B /* AppDelegate.swift in Sources */ = {isa = PBXBuildFile; fileRef = 13D35A1928048F160033A96B /* AppDelegate.swift */; };
		13D35A1E28048F160033A96B /* ViewController.swift in Sources */ = {isa = PBXBuildFile; fileRef = 13D35A1D28048F160033A96B /* ViewController.swift */; };
		13D35A2328048F170033A96B /* Assets.xcassets in Resources */ = {isa = PBXBuildFile; fileRef = 13D35A2228048F170033A96B /* Assets.xcassets */; };
		13D35A2628048F170033A96B /* LaunchScreen.storyboard in Resources */ = {isa = PBXBuildFile; fileRef = 13D35A2428048F170033A96B /* LaunchScreen.storyboard */; };
		13D35A4128060A8A0033A96B /* VirtualTempleView.swift in Sources */ = {isa = PBXBuildFile; fileRef = 13D35A4028060A8A0033A96B /* VirtualTempleView.swift */; };
		13D35A4428060AB60033A96B /* View.swift in Sources */ = {isa = PBXBuildFile; fileRef = 13D35A4328060AB60033A96B /* View.swift */; };
		13D35A4628060BE00033A96B /* GodsCarousel.swift in Sources */ = {isa = PBXBuildFile; fileRef = 13D35A4528060BE00033A96B /* GodsCarousel.swift */; };
		13D35A4928060CD70033A96B /* God.swift in Sources */ = {isa = PBXBuildFile; fileRef = 13D35A4828060CD70033A96B /* God.swift */; };
		13D35A4B28060E390033A96B /* VirtualTempleErrors.swift in Sources */ = {isa = PBXBuildFile; fileRef = 13D35A4A28060E390033A96B /* VirtualTempleErrors.swift */; };
		13D35A4E280613D00033A96B /* CollectionViewCell.swift in Sources */ = {isa = PBXBuildFile; fileRef = 13D35A4D280613D00033A96B /* CollectionViewCell.swift */; };
		13D35A50280614100033A96B /* CustomUIKitError.swift in Sources */ = {isa = PBXBuildFile; fileRef = 13D35A4F280614100033A96B /* CustomUIKitError.swift */; };
		13D35A53280616650033A96B /* GodsCarouselViewModel.swift in Sources */ = {isa = PBXBuildFile; fileRef = 13D35A52280616650033A96B /* GodsCarouselViewModel.swift */; };
		13D35A55280616870033A96B /* GodsCarouselCollectionViewCell.swift in Sources */ = {isa = PBXBuildFile; fileRef = 13D35A54280616870033A96B /* GodsCarouselCollectionViewCell.swift */; };
/* End PBXBuildFile section */

/* Begin PBXFileReference section */
		13693C37280618E800F71783 /* UIView+Extensions.swift */ = {isa = PBXFileReference; lastKnownFileType = sourcecode.swift; path = "UIView+Extensions.swift"; sourceTree = "<group>"; };
		13693C392806194800F71783 /* GodsCarouselBuilder.swift */ = {isa = PBXFileReference; lastKnownFileType = sourcecode.swift; path = GodsCarouselBuilder.swift; sourceTree = "<group>"; };
		13D35A1628048F160033A96B /* VirtualMandir.app */ = {isa = PBXFileReference; explicitFileType = wrapper.application; includeInIndex = 0; path = VirtualMandir.app; sourceTree = BUILT_PRODUCTS_DIR; };
		13D35A1928048F160033A96B /* AppDelegate.swift */ = {isa = PBXFileReference; lastKnownFileType = sourcecode.swift; path = AppDelegate.swift; sourceTree = "<group>"; };
		13D35A1D28048F160033A96B /* ViewController.swift */ = {isa = PBXFileReference; lastKnownFileType = sourcecode.swift; path = ViewController.swift; sourceTree = "<group>"; };
		13D35A2228048F170033A96B /* Assets.xcassets */ = {isa = PBXFileReference; lastKnownFileType = folder.assetcatalog; path = Assets.xcassets; sourceTree = "<group>"; };
		13D35A2528048F170033A96B /* Base */ = {isa = PBXFileReference; lastKnownFileType = file.storyboard; name = Base; path = Base.lproj/LaunchScreen.storyboard; sourceTree = "<group>"; };
		13D35A2728048F170033A96B /* Info.plist */ = {isa = PBXFileReference; lastKnownFileType = text.plist.xml; path = Info.plist; sourceTree = "<group>"; };
		13D35A4028060A8A0033A96B /* VirtualTempleView.swift */ = {isa = PBXFileReference; lastKnownFileType = sourcecode.swift; path = VirtualTempleView.swift; sourceTree = "<group>"; };
		13D35A4328060AB60033A96B /* View.swift */ = {isa = PBXFileReference; lastKnownFileType = sourcecode.swift; path = View.swift; sourceTree = "<group>"; };
		13D35A4528060BE00033A96B /* GodsCarousel.swift */ = {isa = PBXFileReference; lastKnownFileType = sourcecode.swift; path = GodsCarousel.swift; sourceTree = "<group>"; };
		13D35A4828060CD70033A96B /* God.swift */ = {isa = PBXFileReference; lastKnownFileType = sourcecode.swift; path = God.swift; sourceTree = "<group>"; };
		13D35A4A28060E390033A96B /* VirtualTempleErrors.swift */ = {isa = PBXFileReference; lastKnownFileType = sourcecode.swift; path = VirtualTempleErrors.swift; sourceTree = "<group>"; };
		13D35A4D280613D00033A96B /* CollectionViewCell.swift */ = {isa = PBXFileReference; lastKnownFileType = sourcecode.swift; path = CollectionViewCell.swift; sourceTree = "<group>"; };
		13D35A4F280614100033A96B /* CustomUIKitError.swift */ = {isa = PBXFileReference; lastKnownFileType = sourcecode.swift; path = CustomUIKitError.swift; sourceTree = "<group>"; };
		13D35A52280616650033A96B /* GodsCarouselViewModel.swift */ = {isa = PBXFileReference; lastKnownFileType = sourcecode.swift; path = GodsCarouselViewModel.swift; sourceTree = "<group>"; };
		13D35A54280616870033A96B /* GodsCarouselCollectionViewCell.swift */ = {isa = PBXFileReference; lastKnownFileType = sourcecode.swift; path = GodsCarouselCollectionViewCell.swift; sourceTree = "<group>"; };
/* End PBXFileReference section */

/* Begin PBXFrameworksBuildPhase section */
		13D35A1328048F160033A96B /* Frameworks */ = {
			isa = PBXFrameworksBuildPhase;
			buildActionMask = 2147483647;
			files = (
			);
			runOnlyForDeploymentPostprocessing = 0;
		};
/* End PBXFrameworksBuildPhase section */

/* Begin PBXGroup section */
		13D35A0D28048F160033A96B = {
			isa = PBXGroup;
			children = (
				13D35A1828048F160033A96B /* VirualMandir */,
				13D35A1728048F160033A96B /* Products */,
			);
			sourceTree = "<group>";
		};
		13D35A1728048F160033A96B /* Products */ = {
			isa = PBXGroup;
			children = (
				13D35A1628048F160033A96B /* VirtualMandir.app */,
			);
			name = Products;
			sourceTree = "<group>";
		};
		13D35A1828048F160033A96B /* VirualMandir */ = {
			isa = PBXGroup;
			children = (
				13D35A4C28060FD90033A96B /* extensions */,
				13D35A4728060CCA0033A96B /* model */,
				13D35A4228060A990033A96B /* custom-uikit */,
				13D35A3D28060A410033A96B /* scenes */,
				13D35A3C2805A47F0033A96B /* common-widgets */,
				13D35A1928048F160033A96B /* AppDelegate.swift */,
				13D35A2228048F170033A96B /* Assets.xcassets */,
				13D35A2428048F170033A96B /* LaunchScreen.storyboard */,
				13D35A2728048F170033A96B /* Info.plist */,
			);
			path = VirualMandir;
			sourceTree = "<group>";
		};
		13D35A3C2805A47F0033A96B /* common-widgets */ = {
			isa = PBXGroup;
			children = (
			);
			path = "common-widgets";
			sourceTree = "<group>";
		};
		13D35A3D28060A410033A96B /* scenes */ = {
			isa = PBXGroup;
			children = (
				13D35A3E28060A4B0033A96B /* home */,
			);
			path = scenes;
			sourceTree = "<group>";
		};
		13D35A3E28060A4B0033A96B /* home */ = {
			isa = PBXGroup;
			children = (
				13D35A3F28060A5E0033A96B /* virtual-temple */,
				13D35A1D28048F160033A96B /* ViewController.swift */,
			);
			path = home;
			sourceTree = "<group>";
		};
		13D35A3F28060A5E0033A96B /* virtual-temple */ = {
			isa = PBXGroup;
			children = (
				13D35A4028060A8A0033A96B /* VirtualTempleView.swift */,
				13D35A51280616510033A96B /* GodsCarousel */,
				13D35A4A28060E390033A96B /* VirtualTempleErrors.swift */,
			);
			path = "virtual-temple";
			sourceTree = "<group>";
		};
		13D35A4228060A990033A96B /* custom-uikit */ = {
			isa = PBXGroup;
			children = (
				13D35A4328060AB60033A96B /* View.swift */,
				13D35A4828060CD70033A96B /* God.swift */,
				13D35A4D280613D00033A96B /* CollectionViewCell.swift */,
				13D35A4F280614100033A96B /* CustomUIKitError.swift */,
			);
			path = "custom-uikit";
			sourceTree = "<group>";
		};
		13D35A4728060CCA0033A96B /* model */ = {
			isa = PBXGroup;
			children = (
			);
			path = model;
			sourceTree = "<group>";
		};
		13D35A4C28060FD90033A96B /* extensions */ = {
			isa = PBXGroup;
			children = (
				13693C37280618E800F71783 /* UIView+Extensions.swift */,
			);
			path = extensions;
			sourceTree = "<group>";
		};
		13D35A51280616510033A96B /* GodsCarousel */ = {
			isa = PBXGroup;
			children = (
				13D35A4528060BE00033A96B /* GodsCarousel.swift */,
				13D35A52280616650033A96B /* GodsCarouselViewModel.swift */,
				13D35A54280616870033A96B /* GodsCarouselCollectionViewCell.swift */,
				13693C392806194800F71783 /* GodsCarouselBuilder.swift */,
			);
			path = GodsCarousel;
			sourceTree = "<group>";
		};
/* End PBXGroup section */

/* Begin PBXNativeTarget section */
		13D35A1528048F160033A96B /* VirtualMandir */ = {
			isa = PBXNativeTarget;
			buildConfigurationList = 13D35A2A28048F170033A96B /* Build configuration list for PBXNativeTarget "VirtualMandir" */;
			buildPhases = (
				13D35A1228048F160033A96B /* Sources */,
				13D35A1328048F160033A96B /* Frameworks */,
				13D35A1428048F160033A96B /* Resources */,
			);
			buildRules = (
			);
			dependencies = (
			);
			name = VirtualMandir;
			productName = VirualMandir;
			productReference = 13D35A1628048F160033A96B /* VirtualMandir.app */;
			productType = "com.apple.product-type.application";
		};
/* End PBXNativeTarget section */

/* Begin PBXProject section */
		13D35A0E28048F160033A96B /* Project object */ = {
			isa = PBXProject;
			attributes = {
				BuildIndependentTargetsInParallel = 1;
				LastSwiftUpdateCheck = 1310;
				LastUpgradeCheck = 1310;
				TargetAttributes = {
					13D35A1528048F160033A96B = {
						CreatedOnToolsVersion = 13.1;
					};
				};
			};
			buildConfigurationList = 13D35A1128048F160033A96B /* Build configuration list for PBXProject "VirtualMandir" */;
			compatibilityVersion = "Xcode 13.0";
			developmentRegion = en;
			hasScannedForEncodings = 0;
			knownRegions = (
				en,
				Base,
			);
			mainGroup = 13D35A0D28048F160033A96B;
			productRefGroup = 13D35A1728048F160033A96B /* Products */;
			projectDirPath = "";
			projectRoot = "";
			targets = (
				13D35A1528048F160033A96B /* VirtualMandir */,
			);
		};
/* End PBXProject section */

/* Begin PBXResourcesBuildPhase section */
		13D35A1428048F160033A96B /* Resources */ = {
			isa = PBXResourcesBuildPhase;
			buildActionMask = 2147483647;
			files = (
				13D35A2628048F170033A96B /* LaunchScreen.storyboard in Resources */,
				13D35A2328048F170033A96B /* Assets.xcassets in Resources */,
			);
			runOnlyForDeploymentPostprocessing = 0;
		};
/* End PBXResourcesBuildPhase section */

/* Begin PBXSourcesBuildPhase section */
		13D35A1228048F160033A96B /* Sources */ = {
			isa = PBXSourcesBuildPhase;
			buildActionMask = 2147483647;
			files = (
				13D35A4628060BE00033A96B /* GodsCarousel.swift in Sources */,
				13D35A4B28060E390033A96B /* VirtualTempleErrors.swift in Sources */,
				13D35A4E280613D00033A96B /* CollectionViewCell.swift in Sources */,
				13D35A4428060AB60033A96B /* View.swift in Sources */,
				13D35A1E28048F160033A96B /* ViewController.swift in Sources */,
				13D35A50280614100033A96B /* CustomUIKitError.swift in Sources */,
				13693C38280618E800F71783 /* UIView+Extensions.swift in Sources */,
				13D35A4128060A8A0033A96B /* VirtualTempleView.swift in Sources */,
				13D35A53280616650033A96B /* GodsCarouselViewModel.swift in Sources */,
				13D35A4928060CD70033A96B /* God.swift in Sources */,
				13693C3A2806194800F71783 /* GodsCarouselBuilder.swift in Sources */,
				13D35A55280616870033A96B /* GodsCarouselCollectionViewCell.swift in Sources */,
				13D35A1A28048F160033A96B /* AppDelegate.swift in Sources */,
			);
			runOnlyForDeploymentPostprocessing = 0;
		};
/* End PBXSourcesBuildPhase section */

/* Begin PBXVariantGroup section */
		13D35A2428048F170033A96B /* LaunchScreen.storyboard */ = {
			isa = PBXVariantGroup;
			children = (
				13D35A2528048F170033A96B /* Base */,
			);
			name = LaunchScreen.storyboard;
			sourceTree = "<group>";
		};
/* End PBXVariantGroup section */

/* Begin XCBuildConfiguration section */
		13D35A2828048F170033A96B /* Debug */ = {
			isa = XCBuildConfiguration;
			buildSettings = {
				ALWAYS_SEARCH_USER_PATHS = NO;
				CLANG_ANALYZER_NONNULL = YES;
				CLANG_ANALYZER_NUMBER_OBJECT_CONVERSION = YES_AGGRESSIVE;
				CLANG_CXX_LANGUAGE_STANDARD = "gnu++17";
				CLANG_CXX_LIBRARY = "libc++";
				CLANG_ENABLE_MODULES = YES;
				CLANG_ENABLE_OBJC_ARC = YES;
				CLANG_ENABLE_OBJC_WEAK = YES;
				CLANG_WARN_BLOCK_CAPTURE_AUTORELEASING = YES;
				CLANG_WARN_BOOL_CONVERSION = YES;
				CLANG_WARN_COMMA = YES;
				CLANG_WARN_CONSTANT_CONVERSION = YES;
				CLANG_WARN_DEPRECATED_OBJC_IMPLEMENTATIONS = YES;
				CLANG_WARN_DIRECT_OBJC_ISA_USAGE = YES_ERROR;
				CLANG_WARN_DOCUMENTATION_COMMENTS = YES;
				CLANG_WARN_EMPTY_BODY = YES;
				CLANG_WARN_ENUM_CONVERSION = YES;
				CLANG_WARN_INFINITE_RECURSION = YES;
				CLANG_WARN_INT_CONVERSION = YES;
				CLANG_WARN_NON_LITERAL_NULL_CONVERSION = YES;
				CLANG_WARN_OBJC_IMPLICIT_RETAIN_SELF = YES;
				CLANG_WARN_OBJC_LITERAL_CONVERSION = YES;
				CLANG_WARN_OBJC_ROOT_CLASS = YES_ERROR;
				CLANG_WARN_QUOTED_INCLUDE_IN_FRAMEWORK_HEADER = YES;
				CLANG_WARN_RANGE_LOOP_ANALYSIS = YES;
				CLANG_WARN_STRICT_PROTOTYPES = YES;
				CLANG_WARN_SUSPICIOUS_MOVE = YES;
				CLANG_WARN_UNGUARDED_AVAILABILITY = YES_AGGRESSIVE;
				CLANG_WARN_UNREACHABLE_CODE = YES;
				CLANG_WARN__DUPLICATE_METHOD_MATCH = YES;
				COPY_PHASE_STRIP = NO;
				DEBUG_INFORMATION_FORMAT = dwarf;
				ENABLE_STRICT_OBJC_MSGSEND = YES;
				ENABLE_TESTABILITY = YES;
				GCC_C_LANGUAGE_STANDARD = gnu11;
				GCC_DYNAMIC_NO_PIC = NO;
				GCC_NO_COMMON_BLOCKS = YES;
				GCC_OPTIMIZATION_LEVEL = 0;
				GCC_PREPROCESSOR_DEFINITIONS = (
					"DEBUG=1",
					"$(inherited)",
				);
				GCC_WARN_64_TO_32_BIT_CONVERSION = YES;
				GCC_WARN_ABOUT_RETURN_TYPE = YES_ERROR;
				GCC_WARN_UNDECLARED_SELECTOR = YES;
				GCC_WARN_UNINITIALIZED_AUTOS = YES_AGGRESSIVE;
				GCC_WARN_UNUSED_FUNCTION = YES;
				GCC_WARN_UNUSED_VARIABLE = YES;
				IPHONEOS_DEPLOYMENT_TARGET = 12;
				MTL_ENABLE_DEBUG_INFO = INCLUDE_SOURCE;
				MTL_FAST_MATH = YES;
				ONLY_ACTIVE_ARCH = YES;
				SDKROOT = iphoneos;
				SWIFT_ACTIVE_COMPILATION_CONDITIONS = DEBUG;
				SWIFT_OPTIMIZATION_LEVEL = "-Onone";
			};
			name = Debug;
		};
		13D35A2928048F170033A96B /* Release */ = {
			isa = XCBuildConfiguration;
			buildSettings = {
				ALWAYS_SEARCH_USER_PATHS = NO;
				CLANG_ANALYZER_NONNULL = YES;
				CLANG_ANALYZER_NUMBER_OBJECT_CONVERSION = YES_AGGRESSIVE;
				CLANG_CXX_LANGUAGE_STANDARD = "gnu++17";
				CLANG_CXX_LIBRARY = "libc++";
				CLANG_ENABLE_MODULES = YES;
				CLANG_ENABLE_OBJC_ARC = YES;
				CLANG_ENABLE_OBJC_WEAK = YES;
				CLANG_WARN_BLOCK_CAPTURE_AUTORELEASING = YES;
				CLANG_WARN_BOOL_CONVERSION = YES;
				CLANG_WARN_COMMA = YES;
				CLANG_WARN_CONSTANT_CONVERSION = YES;
				CLANG_WARN_DEPRECATED_OBJC_IMPLEMENTATIONS = YES;
				CLANG_WARN_DIRECT_OBJC_ISA_USAGE = YES_ERROR;
				CLANG_WARN_DOCUMENTATION_COMMENTS = YES;
				CLANG_WARN_EMPTY_BODY = YES;
				CLANG_WARN_ENUM_CONVERSION = YES;
				CLANG_WARN_INFINITE_RECURSION = YES;
				CLANG_WARN_INT_CONVERSION = YES;
				CLANG_WARN_NON_LITERAL_NULL_CONVERSION = YES;
				CLANG_WARN_OBJC_IMPLICIT_RETAIN_SELF = YES;
				CLANG_WARN_OBJC_LITERAL_CONVERSION = YES;
				CLANG_WARN_OBJC_ROOT_CLASS = YES_ERROR;
				CLANG_WARN_QUOTED_INCLUDE_IN_FRAMEWORK_HEADER = YES;
				CLANG_WARN_RANGE_LOOP_ANALYSIS = YES;
				CLANG_WARN_STRICT_PROTOTYPES = YES;
				CLANG_WARN_SUSPICIOUS_MOVE = YES;
				CLANG_WARN_UNGUARDED_AVAILABILITY = YES_AGGRESSIVE;
				CLANG_WARN_UNREACHABLE_CODE = YES;
				CLANG_WARN__DUPLICATE_METHOD_MATCH = YES;
				COPY_PHASE_STRIP = NO;
				DEBUG_INFORMATION_FORMAT = "dwarf-with-dsym";
				ENABLE_NS_ASSERTIONS = NO;
				ENABLE_STRICT_OBJC_MSGSEND = YES;
				GCC_C_LANGUAGE_STANDARD = gnu11;
				GCC_NO_COMMON_BLOCKS = YES;
				GCC_WARN_64_TO_32_BIT_CONVERSION = YES;
				GCC_WARN_ABOUT_RETURN_TYPE = YES_ERROR;
				GCC_WARN_UNDECLARED_SELECTOR = YES;
				GCC_WARN_UNINITIALIZED_AUTOS = YES_AGGRESSIVE;
				GCC_WARN_UNUSED_FUNCTION = YES;
				GCC_WARN_UNUSED_VARIABLE = YES;
				IPHONEOS_DEPLOYMENT_TARGET = 12;
				MTL_ENABLE_DEBUG_INFO = NO;
				MTL_FAST_MATH = YES;
				SDKROOT = iphoneos;
				SWIFT_COMPILATION_MODE = wholemodule;
				SWIFT_OPTIMIZATION_LEVEL = "-O";
				VALIDATE_PRODUCT = YES;
			};
			name = Release;
		};
		13D35A2B28048F170033A96B /* Debug */ = {
			isa = XCBuildConfiguration;
			buildSettings = {
				ASSETCATALOG_COMPILER_APPICON_NAME = AppIcon;
				ASSETCATALOG_COMPILER_GLOBAL_ACCENT_COLOR_NAME = AccentColor;
				CODE_SIGN_STYLE = Automatic;
				CURRENT_PROJECT_VERSION = 1;
				DEVELOPMENT_TEAM = JZS4876N25;
				GENERATE_INFOPLIST_FILE = YES;
				INFOPLIST_FILE = VirualMandir/Info.plist;
				INFOPLIST_KEY_UIApplicationSupportsIndirectInputEvents = YES;
				INFOPLIST_KEY_UILaunchStoryboardName = LaunchScreen;
				INFOPLIST_KEY_UISupportedInterfaceOrientations = UIInterfaceOrientationPortrait;
				INFOPLIST_KEY_UISupportedInterfaceOrientations_iPad = "UIInterfaceOrientationPortrait UIInterfaceOrientationPortraitUpsideDown UIInterfaceOrientationLandscapeLeft UIInterfaceOrientationLandscapeRight";
				INFOPLIST_KEY_UISupportedInterfaceOrientations_iPhone = "UIInterfaceOrientationPortrait UIInterfaceOrientationLandscapeLeft UIInterfaceOrientationLandscapeRight";
				LD_RUNPATH_SEARCH_PATHS = (
					"$(inherited)",
					"@executable_path/Frameworks",
				);
				MARKETING_VERSION = 1.0;
				PRODUCT_BUNDLE_IDENTIFIER = com.jatin.garg.virtualmandir;
				PRODUCT_NAME = "$(TARGET_NAME)";
				SWIFT_EMIT_LOC_STRINGS = YES;
				SWIFT_VERSION = 5.0;
				TARGETED_DEVICE_FAMILY = 1;
			};
			name = Debug;
		};
		13D35A2C28048F170033A96B /* Release */ = {
			isa = XCBuildConfiguration;
			buildSettings = {
				ASSETCATALOG_COMPILER_APPICON_NAME = AppIcon;
				ASSETCATALOG_COMPILER_GLOBAL_ACCENT_COLOR_NAME = AccentColor;
				CODE_SIGN_STYLE = Automatic;
				CURRENT_PROJECT_VERSION = 1;
				DEVELOPMENT_TEAM = JZS4876N25;
				GENERATE_INFOPLIST_FILE = YES;
				INFOPLIST_FILE = VirualMandir/Info.plist;
				INFOPLIST_KEY_UIApplicationSupportsIndirectInputEvents = YES;
				INFOPLIST_KEY_UILaunchStoryboardName = LaunchScreen;
				INFOPLIST_KEY_UISupportedInterfaceOrientations = UIInterfaceOrientationPortrait;
				INFOPLIST_KEY_UISupportedInterfaceOrientations_iPad = "UIInterfaceOrientationPortrait UIInterfaceOrientationPortraitUpsideDown UIInterfaceOrientationLandscapeLeft UIInterfaceOrientationLandscapeRight";
				INFOPLIST_KEY_UISupportedInterfaceOrientations_iPhone = "UIInterfaceOrientationPortrait UIInterfaceOrientationLandscapeLeft UIInterfaceOrientationLandscapeRight";
				LD_RUNPATH_SEARCH_PATHS = (
					"$(inherited)",
					"@executable_path/Frameworks",
				);
				MARKETING_VERSION = 1.0;
				PRODUCT_BUNDLE_IDENTIFIER = com.jatin.garg.virtualmandir;
				PRODUCT_NAME = "$(TARGET_NAME)";
				SWIFT_EMIT_LOC_STRINGS = YES;
				SWIFT_VERSION = 5.0;
				TARGETED_DEVICE_FAMILY = 1;
			};
			name = Release;
		};
/* End XCBuildConfiguration section */

/* Begin XCConfigurationList section */
		13D35A1128048F160033A96B /* Build configuration list for PBXProject "VirtualMandir" */ = {
			isa = XCConfigurationList;
			buildConfigurations = (
				13D35A2828048F170033A96B /* Debug */,
				13D35A2928048F170033A96B /* Release */,
			);
			defaultConfigurationIsVisible = 0;
			defaultConfigurationName = Release;
		};
		13D35A2A28048F170033A96B /* Build configuration list for PBXNativeTarget "VirtualMandir" */ = {
			isa = XCConfigurationList;
			buildConfigurations = (
				13D35A2B28048F170033A96B /* Debug */,
				13D35A2C28048F170033A96B /* Release */,
			);
			defaultConfigurationIsVisible = 0;
			defaultConfigurationName = Release;
		};
/* End XCConfigurationList section */
	};
	rootObject = 13D35A0E28048F160033A96B /* Project object */;
}
